// !$*UTF8*$!
{
	archiveVersion = 1;
	classes = {
	};
	objectVersion = 56;
	objects = {

/* Begin PBXBuildFile section */
		64EE25CD29AD5ED6007AC60D /* AnimationsApp.swift in Sources */ = {isa = PBXBuildFile; fileRef = 64EE25CC29AD5ED6007AC60D /* AnimationsApp.swift */; };
		64EE25CF29AD5ED6007AC60D /* ContentView.swift in Sources */ = {isa = PBXBuildFile; fileRef = 64EE25CE29AD5ED6007AC60D /* ContentView.swift */; };
		64EE25D129AD5ED7007AC60D /* Assets.xcassets in Resources */ = {isa = PBXBuildFile; fileRef = 64EE25D029AD5ED7007AC60D /* Assets.xcassets */; };
		64EE25D429AD5ED7007AC60D /* Preview Assets.xcassets in Resources */ = {isa = PBXBuildFile; fileRef = 64EE25D329AD5ED7007AC60D /* Preview Assets.xcassets */; };
		64EE25DB29AD6505007AC60D /* AnimationBindings.swift in Sources */ = {isa = PBXBuildFile; fileRef = 64EE25DA29AD6505007AC60D /* AnimationBindings.swift */; };
		64EE25DD29AE6D47007AC60D /* CreatingExplicitAnimations.swift in Sources */ = {isa = PBXBuildFile; fileRef = 64EE25DC29AE6D47007AC60D /* CreatingExplicitAnimations.swift */; };
		64EE25DF29AE70E7007AC60D /* ControllingTheAnimationStack.swift in Sources */ = {isa = PBXBuildFile; fileRef = 64EE25DE29AE70E7007AC60D /* ControllingTheAnimationStack.swift */; };
		64EE25E129AE8E23007AC60D /* AnimatingGestures1.swift in Sources */ = {isa = PBXBuildFile; fileRef = 64EE25E029AE8E23007AC60D /* AnimatingGestures1.swift */; };
		64EE25E329AE9208007AC60D /* AnimatingGestures2.swift in Sources */ = {isa = PBXBuildFile; fileRef = 64EE25E229AE9208007AC60D /* AnimatingGestures2.swift */; };
		64EE25E529AEA0BD007AC60D /* ShowHideViewsWithTransitions.swift in Sources */ = {isa = PBXBuildFile; fileRef = 64EE25E429AEA0BD007AC60D /* ShowHideViewsWithTransitions.swift */; };
		64EE25E929AEA1ED007AC60D /* CustomTransitionsViewModifier.swift in Sources */ = {isa = PBXBuildFile; fileRef = 64EE25E829AEA1ED007AC60D /* CustomTransitionsViewModifier.swift */; };
/* End PBXBuildFile section */

/* Begin PBXFileReference section */
		64EE25C929AD5ED6007AC60D /* Animations.app */ = {isa = PBXFileReference; explicitFileType = wrapper.application; includeInIndex = 0; path = Animations.app; sourceTree = BUILT_PRODUCTS_DIR; };
		64EE25CC29AD5ED6007AC60D /* AnimationsApp.swift */ = {isa = PBXFileReference; lastKnownFileType = sourcecode.swift; path = AnimationsApp.swift; sourceTree = "<group>"; };
		64EE25CE29AD5ED6007AC60D /* ContentView.swift */ = {isa = PBXFileReference; lastKnownFileType = sourcecode.swift; path = ContentView.swift; sourceTree = "<group>"; };
		64EE25D029AD5ED7007AC60D /* Assets.xcassets */ = {isa = PBXFileReference; lastKnownFileType = folder.assetcatalog; path = Assets.xcassets; sourceTree = "<group>"; };
		64EE25D329AD5ED7007AC60D /* Preview Assets.xcassets */ = {isa = PBXFileReference; lastKnownFileType = folder.assetcatalog; path = "Preview Assets.xcassets"; sourceTree = "<group>"; };
		64EE25DA29AD6505007AC60D /* AnimationBindings.swift */ = {isa = PBXFileReference; lastKnownFileType = sourcecode.swift; path = AnimationBindings.swift; sourceTree = "<group>"; };
		64EE25DC29AE6D47007AC60D /* CreatingExplicitAnimations.swift */ = {isa = PBXFileReference; lastKnownFileType = sourcecode.swift; path = CreatingExplicitAnimations.swift; sourceTree = "<group>"; };
		64EE25DE29AE70E7007AC60D /* ControllingTheAnimationStack.swift */ = {isa = PBXFileReference; lastKnownFileType = sourcecode.swift; path = ControllingTheAnimationStack.swift; sourceTree = "<group>"; };
		64EE25E029AE8E23007AC60D /* AnimatingGestures1.swift */ = {isa = PBXFileReference; lastKnownFileType = sourcecode.swift; path = AnimatingGestures1.swift; sourceTree = "<group>"; };
		64EE25E229AE9208007AC60D /* AnimatingGestures2.swift */ = {isa = PBXFileReference; lastKnownFileType = sourcecode.swift; path = AnimatingGestures2.swift; sourceTree = "<group>"; };
		64EE25E429AEA0BD007AC60D /* ShowHideViewsWithTransitions.swift */ = {isa = PBXFileReference; lastKnownFileType = sourcecode.swift; path = ShowHideViewsWithTransitions.swift; sourceTree = "<group>"; };
		64EE25E829AEA1ED007AC60D /* CustomTransitionsViewModifier.swift */ = {isa = PBXFileReference; lastKnownFileType = sourcecode.swift; path = CustomTransitionsViewModifier.swift; sourceTree = "<group>"; };
/* End PBXFileReference section */

/* Begin PBXFrameworksBuildPhase section */
		64EE25C629AD5ED6007AC60D /* Frameworks */ = {
			isa = PBXFrameworksBuildPhase;
			buildActionMask = 2147483647;
			files = (
			);
			runOnlyForDeploymentPostprocessing = 0;
		};
/* End PBXFrameworksBuildPhase section */

/* Begin PBXGroup section */
		64EE25C029AD5ED6007AC60D = {
			isa = PBXGroup;
			children = (
				64EE25CB29AD5ED6007AC60D /* Animations */,
				64EE25CA29AD5ED6007AC60D /* Products */,
			);
			sourceTree = "<group>";
		};
		64EE25CA29AD5ED6007AC60D /* Products */ = {
			isa = PBXGroup;
			children = (
				64EE25C929AD5ED6007AC60D /* Animations.app */,
			);
			name = Products;
			sourceTree = "<group>";
		};
		64EE25CB29AD5ED6007AC60D /* Animations */ = {
			isa = PBXGroup;
			children = (
				64EE25CC29AD5ED6007AC60D /* AnimationsApp.swift */,
				64EE25CE29AD5ED6007AC60D /* ContentView.swift */,
				64EE25DA29AD6505007AC60D /* AnimationBindings.swift */,
				64EE25DC29AE6D47007AC60D /* CreatingExplicitAnimations.swift */,
				64EE25DE29AE70E7007AC60D /* ControllingTheAnimationStack.swift */,
				64EE25E029AE8E23007AC60D /* AnimatingGestures1.swift */,
				64EE25E229AE9208007AC60D /* AnimatingGestures2.swift */,
				64EE25E429AEA0BD007AC60D /* ShowHideViewsWithTransitions.swift */,
				64EE25E829AEA1ED007AC60D /* CustomTransitionsViewModifier.swift */,
				64EE25D029AD5ED7007AC60D /* Assets.xcassets */,
				64EE25D229AD5ED7007AC60D /* Preview Content */,
			);
			path = Animations;
			sourceTree = "<group>";
		};
		64EE25D229AD5ED7007AC60D /* Preview Content */ = {
			isa = PBXGroup;
			children = (
				64EE25D329AD5ED7007AC60D /* Preview Assets.xcassets */,
			);
			path = "Preview Content";
			sourceTree = "<group>";
		};
/* End PBXGroup section */

/* Begin PBXNativeTarget section */
		64EE25C829AD5ED6007AC60D /* Animations */ = {
			isa = PBXNativeTarget;
			buildConfigurationList = 64EE25D729AD5ED7007AC60D /* Build configuration list for PBXNativeTarget "Animations" */;
			buildPhases = (
				64EE25C529AD5ED6007AC60D /* Sources */,
				64EE25C629AD5ED6007AC60D /* Frameworks */,
				64EE25C729AD5ED6007AC60D /* Resources */,
			);
			buildRules = (
			);
			dependencies = (
			);
			name = Animations;
			productName = Animations;
			productReference = 64EE25C929AD5ED6007AC60D /* Animations.app */;
			productType = "com.apple.product-type.application";
		};
/* End PBXNativeTarget section */

/* Begin PBXProject section */
		64EE25C129AD5ED6007AC60D /* Project object */ = {
			isa = PBXProject;
			attributes = {
				BuildIndependentTargetsInParallel = 1;
				LastSwiftUpdateCheck = 1420;
				LastUpgradeCheck = 1420;
				TargetAttributes = {
					64EE25C829AD5ED6007AC60D = {
						CreatedOnToolsVersion = 14.2;
					};
				};
			};
			buildConfigurationList = 64EE25C429AD5ED6007AC60D /* Build configuration list for PBXProject "Animations" */;
			compatibilityVersion = "Xcode 14.0";
			developmentRegion = en;
			hasScannedForEncodings = 0;
			knownRegions = (
				en,
				Base,
			);
			mainGroup = 64EE25C029AD5ED6007AC60D;
			productRefGroup = 64EE25CA29AD5ED6007AC60D /* Products */;
			projectDirPath = "";
			projectRoot = "";
			targets = (
				64EE25C829AD5ED6007AC60D /* Animations */,
			);
		};
/* End PBXProject section */

/* Begin PBXResourcesBuildPhase section */
		64EE25C729AD5ED6007AC60D /* Resources */ = {
			isa = PBXResourcesBuildPhase;
			buildActionMask = 2147483647;
			files = (
				64EE25D429AD5ED7007AC60D /* Preview Assets.xcassets in Resources */,
				64EE25D129AD5ED7007AC60D /* Assets.xcassets in Resources */,
			);
			runOnlyForDeploymentPostprocessing = 0;
		};
/* End PBXResourcesBuildPhase section */

/* Begin PBXSourcesBuildPhase section */
		64EE25C529AD5ED6007AC60D /* Sources */ = {
			isa = PBXSourcesBuildPhase;
			buildActionMask = 2147483647;
			files = (
				64EE25E529AEA0BD007AC60D /* ShowHideViewsWithTransitions.swift in Sources */,
				64EE25E129AE8E23007AC60D /* AnimatingGestures1.swift in Sources */,
				64EE25CF29AD5ED6007AC60D /* ContentView.swift in Sources */,
				64EE25DB29AD6505007AC60D /* AnimationBindings.swift in Sources */,
				64EE25DD29AE6D47007AC60D /* CreatingExplicitAnimations.swift in Sources */,
				64EE25DF29AE70E7007AC60D /* ControllingTheAnimationStack.swift in Sources */,
				64EE25CD29AD5ED6007AC60D /* AnimationsApp.swift in Sources */,
				64EE25E929AEA1ED007AC60D /* CustomTransitionsViewModifier.swift in Sources */,
				64EE25E329AE9208007AC60D /* AnimatingGestures2.swift in Sources */,
			);
			runOnlyForDeploymentPostprocessing = 0;
		};
/* End PBXSourcesBuildPhase section */

/* Begin XCBuildConfiguration section */
		64EE25D529AD5ED7007AC60D /* Debug */ = {
			isa = XCBuildConfiguration;
			buildSettings = {
				ALWAYS_SEARCH_USER_PATHS = NO;
				CLANG_ANALYZER_NONNULL = YES;
				CLANG_ANALYZER_NUMBER_OBJECT_CONVERSION = YES_AGGRESSIVE;
				CLANG_CXX_LANGUAGE_STANDARD = "gnu++20";
				CLANG_ENABLE_MODULES = YES;
				CLANG_ENABLE_OBJC_ARC = YES;
				CLANG_ENABLE_OBJC_WEAK = YES;
				CLANG_WARN_BLOCK_CAPTURE_AUTORELEASING = YES;
				CLANG_WARN_BOOL_CONVERSION = YES;
				CLANG_WARN_COMMA = YES;
				CLANG_WARN_CONSTANT_CONVERSION = YES;
				CLANG_WARN_DEPRECATED_OBJC_IMPLEMENTATIONS = YES;
				CLANG_WARN_DIRECT_OBJC_ISA_USAGE = YES_ERROR;
				CLANG_WARN_DOCUMENTATION_COMMENTS = YES;
				CLANG_WARN_EMPTY_BODY = YES;
				CLANG_WARN_ENUM_CONVERSION = YES;
				CLANG_WARN_INFINITE_RECURSION = YES;
				CLANG_WARN_INT_CONVERSION = YES;
				CLANG_WARN_NON_LITERAL_NULL_CONVERSION = YES;
				CLANG_WARN_OBJC_IMPLICIT_RETAIN_SELF = YES;
				CLANG_WARN_OBJC_LITERAL_CONVERSION = YES;
				CLANG_WARN_OBJC_ROOT_CLASS = YES_ERROR;
				CLANG_WARN_QUOTED_INCLUDE_IN_FRAMEWORK_HEADER = YES;
				CLANG_WARN_RANGE_LOOP_ANALYSIS = YES;
				CLANG_WARN_STRICT_PROTOTYPES = YES;
				CLANG_WARN_SUSPICIOUS_MOVE = YES;
				CLANG_WARN_UNGUARDED_AVAILABILITY = YES_AGGRESSIVE;
				CLANG_WARN_UNREACHABLE_CODE = YES;
				CLANG_WARN__DUPLICATE_METHOD_MATCH = YES;
				COPY_PHASE_STRIP = NO;
				DEBUG_INFORMATION_FORMAT = dwarf;
				ENABLE_STRICT_OBJC_MSGSEND = YES;
				ENABLE_TESTABILITY = YES;
				GCC_C_LANGUAGE_STANDARD = gnu11;
				GCC_DYNAMIC_NO_PIC = NO;
				GCC_NO_COMMON_BLOCKS = YES;
				GCC_OPTIMIZATION_LEVEL = 0;
				GCC_PREPROCESSOR_DEFINITIONS = (
					"DEBUG=1",
					"$(inherited)",
				);
				GCC_WARN_64_TO_32_BIT_CONVERSION = YES;
				GCC_WARN_ABOUT_RETURN_TYPE = YES_ERROR;
				GCC_WARN_UNDECLARED_SELECTOR = YES;
				GCC_WARN_UNINITIALIZED_AUTOS = YES_AGGRESSIVE;
				GCC_WARN_UNUSED_FUNCTION = YES;
				GCC_WARN_UNUSED_VARIABLE = YES;
				IPHONEOS_DEPLOYMENT_TARGET = 16.2;
				MTL_ENABLE_DEBUG_INFO = INCLUDE_SOURCE;
				MTL_FAST_MATH = YES;
				ONLY_ACTIVE_ARCH = YES;
				SDKROOT = iphoneos;
				SWIFT_ACTIVE_COMPILATION_CONDITIONS = DEBUG;
				SWIFT_OPTIMIZATION_LEVEL = "-Onone";
			};
			name = Debug;
		};
		64EE25D629AD5ED7007AC60D /* Release */ = {
			isa = XCBuildConfiguration;
			buildSettings = {
				ALWAYS_SEARCH_USER_PATHS = NO;
				CLANG_ANALYZER_NONNULL = YES;
				CLANG_ANALYZER_NUMBER_OBJECT_CONVERSION = YES_AGGRESSIVE;
				CLANG_CXX_LANGUAGE_STANDARD = "gnu++20";
				CLANG_ENABLE_MODULES = YES;
				CLANG_ENABLE_OBJC_ARC = YES;
				CLANG_ENABLE_OBJC_WEAK = YES;
				CLANG_WARN_BLOCK_CAPTURE_AUTORELEASING = YES;
				CLANG_WARN_BOOL_CONVERSION = YES;
				CLANG_WARN_COMMA = YES;
				CLANG_WARN_CONSTANT_CONVERSION = YES;
				CLANG_WARN_DEPRECATED_OBJC_IMPLEMENTATIONS = YES;
				CLANG_WARN_DIRECT_OBJC_ISA_USAGE = YES_ERROR;
				CLANG_WARN_DOCUMENTATION_COMMENTS = YES;
				CLANG_WARN_EMPTY_BODY = YES;
				CLANG_WARN_ENUM_CONVERSION = YES;
				CLANG_WARN_INFINITE_RECURSION = YES;
				CLANG_WARN_INT_CONVERSION = YES;
				CLANG_WARN_NON_LITERAL_NULL_CONVERSION = YES;
				CLANG_WARN_OBJC_IMPLICIT_RETAIN_SELF = YES;
				CLANG_WARN_OBJC_LITERAL_CONVERSION = YES;
				CLANG_WARN_OBJC_ROOT_CLASS = YES_ERROR;
				CLANG_WARN_QUOTED_INCLUDE_IN_FRAMEWORK_HEADER = YES;
				CLANG_WARN_RANGE_LOOP_ANALYSIS = YES;
				CLANG_WARN_STRICT_PROTOTYPES = YES;
				CLANG_WARN_SUSPICIOUS_MOVE = YES;
				CLANG_WARN_UNGUARDED_AVAILABILITY = YES_AGGRESSIVE;
				CLANG_WARN_UNREACHABLE_CODE = YES;
				CLANG_WARN__DUPLICATE_METHOD_MATCH = YES;
				COPY_PHASE_STRIP = NO;
				DEBUG_INFORMATION_FORMAT = "dwarf-with-dsym";
				ENABLE_NS_ASSERTIONS = NO;
				ENABLE_STRICT_OBJC_MSGSEND = YES;
				GCC_C_LANGUAGE_STANDARD = gnu11;
				GCC_NO_COMMON_BLOCKS = YES;
				GCC_WARN_64_TO_32_BIT_CONVERSION = YES;
				GCC_WARN_ABOUT_RETURN_TYPE = YES_ERROR;
				GCC_WARN_UNDECLARED_SELECTOR = YES;
				GCC_WARN_UNINITIALIZED_AUTOS = YES_AGGRESSIVE;
				GCC_WARN_UNUSED_FUNCTION = YES;
				GCC_WARN_UNUSED_VARIABLE = YES;
				IPHONEOS_DEPLOYMENT_TARGET = 16.2;
				MTL_ENABLE_DEBUG_INFO = NO;
				MTL_FAST_MATH = YES;
				SDKROOT = iphoneos;
				SWIFT_COMPILATION_MODE = wholemodule;
				SWIFT_OPTIMIZATION_LEVEL = "-O";
				VALIDATE_PRODUCT = YES;
			};
			name = Release;
		};
		64EE25D829AD5ED7007AC60D /* Debug */ = {
			isa = XCBuildConfiguration;
			buildSettings = {
				ASSETCATALOG_COMPILER_APPICON_NAME = AppIcon;
				ASSETCATALOG_COMPILER_GLOBAL_ACCENT_COLOR_NAME = AccentColor;
				CODE_SIGN_STYLE = Automatic;
				CURRENT_PROJECT_VERSION = 1;
				DEVELOPMENT_ASSET_PATHS = "\"Animations/Preview Content\"";
				DEVELOPMENT_TEAM = N8877H53MP;
				ENABLE_PREVIEWS = YES;
				GENERATE_INFOPLIST_FILE = YES;
				INFOPLIST_KEY_UIApplicationSceneManifest_Generation = YES;
				INFOPLIST_KEY_UIApplicationSupportsIndirectInputEvents = YES;
				INFOPLIST_KEY_UILaunchScreen_Generation = YES;
				INFOPLIST_KEY_UISupportedInterfaceOrientations_iPad = "UIInterfaceOrientationPortrait UIInterfaceOrientationPortraitUpsideDown UIInterfaceOrientationLandscapeLeft UIInterfaceOrientationLandscapeRight";
				INFOPLIST_KEY_UISupportedInterfaceOrientations_iPhone = "UIInterfaceOrientationPortrait UIInterfaceOrientationLandscapeLeft UIInterfaceOrientationLandscapeRight";
				LD_RUNPATH_SEARCH_PATHS = (
					"$(inherited)",
					"@executable_path/Frameworks",
				);
				MARKETING_VERSION = 1.0;
				PRODUCT_BUNDLE_IDENTIFIER = com.lefthandedapps.Animations;
				PRODUCT_NAME = "$(TARGET_NAME)";
				SWIFT_EMIT_LOC_STRINGS = YES;
				SWIFT_VERSION = 5.0;
				TARGETED_DEVICE_FAMILY = "1,2";
			};
			name = Debug;
		};
		64EE25D929AD5ED7007AC60D /* Release */ = {
			isa = XCBuildConfiguration;
			buildSettings = {
				ASSETCATALOG_COMPILER_APPICON_NAME = AppIcon;
				ASSETCATALOG_COMPILER_GLOBAL_ACCENT_COLOR_NAME = AccentColor;
				CODE_SIGN_STYLE = Automatic;
				CURRENT_PROJECT_VERSION = 1;
				DEVELOPMENT_ASSET_PATHS = "\"Animations/Preview Content\"";
				DEVELOPMENT_TEAM = N8877H53MP;
				ENABLE_PREVIEWS = YES;
				GENERATE_INFOPLIST_FILE = YES;
				INFOPLIST_KEY_UIApplicationSceneManifest_Generation = YES;
				INFOPLIST_KEY_UIApplicationSupportsIndirectInputEvents = YES;
				INFOPLIST_KEY_UILaunchScreen_Generation = YES;
				INFOPLIST_KEY_UISupportedInterfaceOrientations_iPad = "UIInterfaceOrientationPortrait UIInterfaceOrientationPortraitUpsideDown UIInterfaceOrientationLandscapeLeft UIInterfaceOrientationLandscapeRight";
				INFOPLIST_KEY_UISupportedInterfaceOrientations_iPhone = "UIInterfaceOrientationPortrait UIInterfaceOrientationLandscapeLeft UIInterfaceOrientationLandscapeRight";
				LD_RUNPATH_SEARCH_PATHS = (
					"$(inherited)",
					"@executable_path/Frameworks",
				);
				MARKETING_VERSION = 1.0;
				PRODUCT_BUNDLE_IDENTIFIER = com.lefthandedapps.Animations;
				PRODUCT_NAME = "$(TARGET_NAME)";
				SWIFT_EMIT_LOC_STRINGS = YES;
				SWIFT_VERSION = 5.0;
				TARGETED_DEVICE_FAMILY = "1,2";
			};
			name = Release;
		};
/* End XCBuildConfiguration section */

/* Begin XCConfigurationList section */
		64EE25C429AD5ED6007AC60D /* Build configuration list for PBXProject "Animations" */ = {
			isa = XCConfigurationList;
			buildConfigurations = (
				64EE25D529AD5ED7007AC60D /* Debug */,
				64EE25D629AD5ED7007AC60D /* Release */,
			);
			defaultConfigurationIsVisible = 0;
			defaultConfigurationName = Release;
		};
		64EE25D729AD5ED7007AC60D /* Build configuration list for PBXNativeTarget "Animations" */ = {
			isa = XCConfigurationList;
			buildConfigurations = (
				64EE25D829AD5ED7007AC60D /* Debug */,
				64EE25D929AD5ED7007AC60D /* Release */,
			);
			defaultConfigurationIsVisible = 0;
			defaultConfigurationName = Release;
		};
/* End XCConfigurationList section */
	};
	rootObject = 64EE25C129AD5ED6007AC60D /* Project object */;
}
